PODS:
  - ff-ios-client-sdk (1.0.3)
  - ff_flutter_client_sdk (1.0.3):
    - ff-ios-client-sdk
    - Flutter
  - Flutter (1.0.0)

DEPENDENCIES:
  - ff_flutter_client_sdk (from `.symlinks/plugins/ff_flutter_client_sdk/ios`)
  - Flutter (from `Flutter`)

SPEC REPOS:
  trunk:
    - ff-ios-client-sdk

EXTERNAL SOURCES:
  ff_flutter_client_sdk:
    :path: ".symlinks/plugins/ff_flutter_client_sdk/ios"
  Flutter:
    :path: Flutter

SPEC CHECKSUMS:
  ff-ios-client-sdk: 9f57c3dcfa7e276c503f3c3328113c73967f5d8c
  ff_flutter_client_sdk: 957a211a14c41bdeaa187b88492f9c92e77ec956
  Flutter: f04841e97a9d0b0a8025694d0796dd46242b2854

PODFILE CHECKSUM: ef19549a9bc3046e7bb7d2fab4d021637c0c58a3

COCOAPODS: 1.12.1
