PODS:
  - ff-ios-client-sdk (1.3.0)
  - ff_flutter_client_sdk (2.1.3):
    - ff-ios-client-sdk (= 1.3.0)
    - Flutter
  - Flutter (1.0.0)

DEPENDENCIES:
  - ff_flutter_client_sdk (from `.symlinks/plugins/ff_flutter_client_sdk/ios`)
  - Flutter (from `Flutter`)

SPEC REPOS:
  trunk:
    - ff-ios-client-sdk

EXTERNAL SOURCES:
  ff_flutter_client_sdk:
    :path: ".symlinks/plugins/ff_flutter_client_sdk/ios"
  Flutter:
    :path: Flutter

SPEC CHECKSUMS:
  ff-ios-client-sdk: 6231e7a6073a6dc53cac1dc97920552f7054f601
  ff_flutter_client_sdk: 99d3e03948162ea4b7fd83ad41b4e0c819339bf7
  Flutter: e0871f40cf51350855a761d2e70bf5af5b9b5de7

PODFILE CHECKSUM: c4c93c5f6502fe2754f48404d3594bf779584011

COCOAPODS: 1.15.1
